github.com/hollis-labs/go-webui v0.1.0 h1:j+seGHO3FBehZvUhiJWIS3/aLeEETlJ0G23qpx8gFRE=
github.com/hollis-labs/go-webui v0.1.0/go.mod h1:AxZNBuBPpMv6SmS7xaQm2emmSikL8pa8mjNamCzaUz8=
github.com/hollis-labs/plugin-sdk v0.4.0 h1:e7LTkwJQL+n9kRf9IUAUCUeydS11XIdjGIfFjP2PyBg=
github.com/hollis-labs/plugin-sdk v0.4.0/go.mod h1:+FcTow9tco3OoINjc5LSCkm8RZzWSLNG1tTCzLSQuHs=
